
Microsoft Visual Studio Solution File, Format Version 12.00
# Visual Studio 15
VisualStudioVersion = 15.0.27004.2002
MinimumVisualStudioVersion = 10.0.40219.1
Project("{FAE04EC0-301F-11D3-BF4B-00C04F79EFBC}") = "MyExercise", "MyExercise\MyExercise.csproj", "{E8F80812-A039-4F74-B21E-30E775DAC514}"
EndProject
Global
	GlobalSection(SolutionConfigurationPlatforms) = preSolution
		Debug|Any CPU = Debug|Any CPU
		Release|Any CPU = Release|Any CPU
	EndGlobalSection
	GlobalSection(ProjectConfigurationPlatforms) = postSolution
		{E8F80812-A039-4F74-B21E-30E775DAC514}.Debug|Any CPU.ActiveCfg = Debug|Any CPU
		{E8F80812-A039-4F74-B21E-30E775DAC514}.Debug|Any CPU.Build.0 = Debug|Any CPU
		{E8F80812-A039-4F74-B21E-30E775DAC514}.Release|Any CPU.ActiveCfg = Release|Any CPU
		{E8F80812-A039-4F74-B21E-30E775DAC514}.Release|Any CPU.Build.0 = Release|Any CPU
	EndGlobalSection
	GlobalSection(SolutionProperties) = preSolution
		HideSolutionNode = FALSE
	EndGlobalSection
	GlobalSection(ExtensibilityGlobals) = postSolution
		SolutionGuid = {19121ED5-6087-4856-8C06-1517DFAF9AB6}
	EndGlobalSection
EndGlobal
